
Microsoft Visual Studio Solution File, Format Version 12.00
# Visual Studio Version 17
VisualStudioVersion = 17.3.32811.315
MinimumVisualStudioVersion = 10.0.40219.1
Project("{FAE04EC0-301F-11D3-BF4B-00C04F79EFBC}") = "PizzariaIFSP", "PizzariaIFSP\PizzariaIFSP.csproj", "{7630B218-15A3-4D23-B8C7-1A7709713399}"
EndProject
Global
	GlobalSection(SolutionConfigurationPlatforms) = preSolution
		Debug|Any CPU = Debug|Any CPU
		Release|Any CPU = Release|Any CPU
	EndGlobalSection
	GlobalSection(ProjectConfigurationPlatforms) = postSolution
		{7630B218-15A3-4D23-B8C7-1A7709713399}.Debug|Any CPU.ActiveCfg = Debug|Any CPU
		{7630B218-15A3-4D23-B8C7-1A7709713399}.Debug|Any CPU.Build.0 = Debug|Any CPU
		{7630B218-15A3-4D23-B8C7-1A7709713399}.Release|Any CPU.ActiveCfg = Release|Any CPU
		{7630B218-15A3-4D23-B8C7-1A7709713399}.Release|Any CPU.Build.0 = Release|Any CPU
	EndGlobalSection
	GlobalSection(SolutionProperties) = preSolution
		HideSolutionNode = FALSE
	EndGlobalSection
	GlobalSection(ExtensibilityGlobals) = postSolution
		SolutionGuid = {8F2998A3-E8F3-4EFB-A770-2A157DD104CF}
	EndGlobalSection
EndGlobal
